{
  "name": "pointsman",
  "version": "0.3.0",
  "lockfileVersion": 3,
  "requires": true,
  "packages": {
    "": {
      "name": "pointsman",
      "version": "0.3.0",
      "license": "MIT",
      "bin": {
        "pointsman": "bin/pointsman.mjs"
      },
      "engines": {
        "node": ">=22"
      }
    }
  }
}
